Microsoft Visual Studio Solution File, Format Version 12.00
# Visual Studio Version 17
VisualStudioVersion = 17.5.2.0
MinimumVisualStudioVersion = 10.0.40219.1
Project("{FAE04EC0-301F-11D3-BF4B-00C04F79EFBC}") = "ProjetoLP.API", "ProjetoLP.API.csproj", "{9A169408-BAA2-56FB-A5BC-18644F58D583}"
EndProject
Global
	GlobalSection(SolutionConfigurationPlatforms) = preSolution
		Debug|Any CPU = Debug|Any CPU
		Release|Any CPU = Release|Any CPU
	EndGlobalSection
	GlobalSection(ProjectConfigurationPlatforms) = postSolution
		{9A169408-BAA2-56FB-A5BC-18644F58D583}.Debug|Any CPU.ActiveCfg = Debug|Any CPU
		{9A169408-BAA2-56FB-A5BC-18644F58D583}.Debug|Any CPU.Build.0 = Debug|Any CPU
		{9A169408-BAA2-56FB-A5BC-18644F58D583}.Release|Any CPU.ActiveCfg = Release|Any CPU
		{9A169408-BAA2-56FB-A5BC-18644F58D583}.Release|Any CPU.Build.0 = Release|Any CPU
	EndGlobalSection
	GlobalSection(SolutionProperties) = preSolution
		HideSolutionNode = FALSE
	EndGlobalSection
	GlobalSection(ExtensibilityGlobals) = postSolution
		SolutionGuid = {D3E0F6C6-9EC9-4B0A-950B-CD27225061C2}
	EndGlobalSection
EndGlobal
